
Microsoft Visual Studio Solution File, Format Version 12.00
# Visual Studio 15
VisualStudioVersion = 15.0.27130.2010
MinimumVisualStudioVersion = 10.0.40219.1
Project("{FAE04EC0-301F-11D3-BF4B-00C04F79EFBC}") = "Reference", "Reference\Reference.csproj", "{AE37B504-FB7B-49D3-8AF0-FF53491117DB}"
EndProject
Global
	GlobalSection(SolutionConfigurationPlatforms) = preSolution
		Debug|Any CPU = Debug|Any CPU
		Release|Any CPU = Release|Any CPU
	EndGlobalSection
	GlobalSection(ProjectConfigurationPlatforms) = postSolution
		{AE37B504-FB7B-49D3-8AF0-FF53491117DB}.Debug|Any CPU.ActiveCfg = Debug|Any CPU
		{AE37B504-FB7B-49D3-8AF0-FF53491117DB}.Debug|Any CPU.Build.0 = Debug|Any CPU
		{AE37B504-FB7B-49D3-8AF0-FF53491117DB}.Release|Any CPU.ActiveCfg = Release|Any CPU
		{AE37B504-FB7B-49D3-8AF0-FF53491117DB}.Release|Any CPU.Build.0 = Release|Any CPU
	EndGlobalSection
	GlobalSection(SolutionProperties) = preSolution
		HideSolutionNode = FALSE
	EndGlobalSection
	GlobalSection(ExtensibilityGlobals) = postSolution
		SolutionGuid = {7D66520A-4255-4C90-B0EE-76236E96D853}
	EndGlobalSection
EndGlobal
